
Microsoft Visual Studio Solution File, Format Version 12.00
# Visual Studio 15
VisualStudioVersion = 15.0.28307.1321
MinimumVisualStudioVersion = 10.0.40219.1
Project("{FAE04EC0-301F-11D3-BF4B-00C04F79EFBC}") = "TestApp", "TestApp\TestApp.csproj", "{3FAFC0FB-0DA1-4ACE-9427-CEB1997D501D}"
EndProject
Global
	GlobalSection(SolutionConfigurationPlatforms) = preSolution
		Debug|Any CPU = Debug|Any CPU
		Release|Any CPU = Release|Any CPU
	EndGlobalSection
	GlobalSection(ProjectConfigurationPlatforms) = postSolution
		{3FAFC0FB-0DA1-4ACE-9427-CEB1997D501D}.Debug|Any CPU.ActiveCfg = Debug|Any CPU
		{3FAFC0FB-0DA1-4ACE-9427-CEB1997D501D}.Debug|Any CPU.Build.0 = Debug|Any CPU
		{3FAFC0FB-0DA1-4ACE-9427-CEB1997D501D}.Release|Any CPU.ActiveCfg = Release|Any CPU
		{3FAFC0FB-0DA1-4ACE-9427-CEB1997D501D}.Release|Any CPU.Build.0 = Release|Any CPU
	EndGlobalSection
	GlobalSection(SolutionProperties) = preSolution
		HideSolutionNode = FALSE
	EndGlobalSection
	GlobalSection(ExtensibilityGlobals) = postSolution
		SolutionGuid = {1EA34816-C258-4A54-A633-051066683D6A}
	EndGlobalSection
EndGlobal
